<Solution>
  <Folder Name="/Solution Items/">
    <File Path="README.md" />
    <File Path="infra/main.bicep" />
    <File Path=".github/workflows/deploy.yml" />
  </Folder>
  <Folder Name="/src/">
    <Project Path="src/HallRental.API/HallRental.API.csproj" />
  </Folder>
  <Folder Name="/tests/">
    <Project Path="tests/HallRental.UnitTests/HallRental.UnitTests.csproj" />
    <Project Path="tests/HallRental.IntegrationTests/HallRental.IntegrationTests.csproj" />
  </Folder>
</Solution>
